// !$*UTF8*$!
{
	archiveVersion = 1;
	classes = {
	};
	objectVersion = 50;
	objects = {

/* Begin PBXBuildFile section */
		20A570FB24BD603700D0A386 /* AppDelegate.swift in Sources */ = {isa = PBXBuildFile; fileRef = 20A570FA24BD603700D0A386 /* AppDelegate.swift */; };
		20A570FD24BD603700D0A386 /* SceneDelegate.swift in Sources */ = {isa = PBXBuildFile; fileRef = 20A570FC24BD603700D0A386 /* SceneDelegate.swift */; };
		20A570FF24BD603700D0A386 /* ViewController.swift in Sources */ = {isa = PBXBuildFile; fileRef = 20A570FE24BD603700D0A386 /* ViewController.swift */; };
		20A5710224BD603700D0A386 /* Main.storyboard in Resources */ = {isa = PBXBuildFile; fileRef = 20A5710024BD603700D0A386 /* Main.storyboard */; };
		20A5710424BD603900D0A386 /* Assets.xcassets in Resources */ = {isa = PBXBuildFile; fileRef = 20A5710324BD603900D0A386 /* Assets.xcassets */; };
		20A5710724BD603900D0A386 /* LaunchScreen.storyboard in Resources */ = {isa = PBXBuildFile; fileRef = 20A5710524BD603900D0A386 /* LaunchScreen.storyboard */; };
		20A5711224BD603900D0A386 /* FoodTrackerTests.swift in Sources */ = {isa = PBXBuildFile; fileRef = 20A5711124BD603900D0A386 /* FoodTrackerTests.swift */; };
		20A5711D24BD603900D0A386 /* FoodTrackerUITests.swift in Sources */ = {isa = PBXBuildFile; fileRef = 20A5711C24BD603900D0A386 /* FoodTrackerUITests.swift */; };
		20A5712B24C1454900D0A386 /* RatingControl.swift in Sources */ = {isa = PBXBuildFile; fileRef = 20A5712A24C1454900D0A386 /* RatingControl.swift */; };
/* End PBXBuildFile section */

/* Begin PBXContainerItemProxy section */
		20A5710E24BD603900D0A386 /* PBXContainerItemProxy */ = {
			isa = PBXContainerItemProxy;
			containerPortal = 20A570EF24BD603700D0A386 /* Project object */;
			proxyType = 1;
			remoteGlobalIDString = 20A570F624BD603700D0A386;
			remoteInfo = FoodTracker;
		};
		20A5711924BD603900D0A386 /* PBXContainerItemProxy */ = {
			isa = PBXContainerItemProxy;
			containerPortal = 20A570EF24BD603700D0A386 /* Project object */;
			proxyType = 1;
			remoteGlobalIDString = 20A570F624BD603700D0A386;
			remoteInfo = FoodTracker;
		};
/* End PBXContainerItemProxy section */

/* Begin PBXFileReference section */
		20A570F724BD603700D0A386 /* FoodTracker.app */ = {isa = PBXFileReference; explicitFileType = wrapper.application; includeInIndex = 0; path = FoodTracker.app; sourceTree = BUILT_PRODUCTS_DIR; };
		20A570FA24BD603700D0A386 /* AppDelegate.swift */ = {isa = PBXFileReference; lastKnownFileType = sourcecode.swift; path = AppDelegate.swift; sourceTree = "<group>"; };
		20A570FC24BD603700D0A386 /* SceneDelegate.swift */ = {isa = PBXFileReference; lastKnownFileType = sourcecode.swift; path = SceneDelegate.swift; sourceTree = "<group>"; };
		20A570FE24BD603700D0A386 /* ViewController.swift */ = {isa = PBXFileReference; lastKnownFileType = sourcecode.swift; path = ViewController.swift; sourceTree = "<group>"; };
		20A5710124BD603700D0A386 /* Base */ = {isa = PBXFileReference; lastKnownFileType = file.storyboard; name = Base; path = Base.lproj/Main.storyboard; sourceTree = "<group>"; };
		20A5710324BD603900D0A386 /* Assets.xcassets */ = {isa = PBXFileReference; lastKnownFileType = folder.assetcatalog; path = Assets.xcassets; sourceTree = "<group>"; };
		20A5710624BD603900D0A386 /* Base */ = {isa = PBXFileReference; lastKnownFileType = file.storyboard; name = Base; path = Base.lproj/LaunchScreen.storyboard; sourceTree = "<group>"; };
		20A5710824BD603900D0A386 /* Info.plist */ = {isa = PBXFileReference; lastKnownFileType = text.plist.xml; path = Info.plist; sourceTree = "<group>"; };
		20A5710D24BD603900D0A386 /* FoodTrackerTests.xctest */ = {isa = PBXFileReference; explicitFileType = wrapper.cfbundle; includeInIndex = 0; path = FoodTrackerTests.xctest; sourceTree = BUILT_PRODUCTS_DIR; };
		20A5711124BD603900D0A386 /* FoodTrackerTests.swift */ = {isa = PBXFileReference; lastKnownFileType = sourcecode.swift; path = FoodTrackerTests.swift; sourceTree = "<group>"; };
		20A5711324BD603900D0A386 /* Info.plist */ = {isa = PBXFileReference; lastKnownFileType = text.plist.xml; path = Info.plist; sourceTree = "<group>"; };
		20A5711824BD603900D0A386 /* FoodTrackerUITests.xctest */ = {isa = PBXFileReference; explicitFileType = wrapper.cfbundle; includeInIndex = 0; path = FoodTrackerUITests.xctest; sourceTree = BUILT_PRODUCTS_DIR; };
		20A5711C24BD603900D0A386 /* FoodTrackerUITests.swift */ = {isa = PBXFileReference; lastKnownFileType = sourcecode.swift; path = FoodTrackerUITests.swift; sourceTree = "<group>"; };
		20A5711E24BD603900D0A386 /* Info.plist */ = {isa = PBXFileReference; lastKnownFileType = text.plist.xml; path = Info.plist; sourceTree = "<group>"; };
		20A5712A24C1454900D0A386 /* RatingControl.swift */ = {isa = PBXFileReference; lastKnownFileType = sourcecode.swift; path = RatingControl.swift; sourceTree = "<group>"; };
/* End PBXFileReference section */

/* Begin PBXFrameworksBuildPhase section */
		20A570F424BD603700D0A386 /* Frameworks */ = {
			isa = PBXFrameworksBuildPhase;
			buildActionMask = 2147483647;
			files = (
			);
			runOnlyForDeploymentPostprocessing = 0;
		};
		20A5710A24BD603900D0A386 /* Frameworks */ = {
			isa = PBXFrameworksBuildPhase;
			buildActionMask = 2147483647;
			files = (
			);
			runOnlyForDeploymentPostprocessing = 0;
		};
		20A5711524BD603900D0A386 /* Frameworks */ = {
			isa = PBXFrameworksBuildPhase;
			buildActionMask = 2147483647;
			files = (
			);
			runOnlyForDeploymentPostprocessing = 0;
		};
/* End PBXFrameworksBuildPhase section */

/* Begin PBXGroup section */
		20A570EE24BD603700D0A386 = {
			isa = PBXGroup;
			children = (
				20A570F924BD603700D0A386 /* FoodTracker */,
				20A5711024BD603900D0A386 /* FoodTrackerTests */,
				20A5711B24BD603900D0A386 /* FoodTrackerUITests */,
				20A570F824BD603700D0A386 /* Products */,
			);
			sourceTree = "<group>";
		};
		20A570F824BD603700D0A386 /* Products */ = {
			isa = PBXGroup;
			children = (
				20A570F724BD603700D0A386 /* FoodTracker.app */,
				20A5710D24BD603900D0A386 /* FoodTrackerTests.xctest */,
				20A5711824BD603900D0A386 /* FoodTrackerUITests.xctest */,
			);
			name = Products;
			sourceTree = "<group>";
		};
		20A570F924BD603700D0A386 /* FoodTracker */ = {
			isa = PBXGroup;
			children = (
				20A570FA24BD603700D0A386 /* AppDelegate.swift */,
				20A570FC24BD603700D0A386 /* SceneDelegate.swift */,
				20A570FE24BD603700D0A386 /* ViewController.swift */,
				20A5710024BD603700D0A386 /* Main.storyboard */,
				20A5710324BD603900D0A386 /* Assets.xcassets */,
				20A5710524BD603900D0A386 /* LaunchScreen.storyboard */,
				20A5710824BD603900D0A386 /* Info.plist */,
				20A5712A24C1454900D0A386 /* RatingControl.swift */,
			);
			path = FoodTracker;
			sourceTree = "<group>";
		};
		20A5711024BD603900D0A386 /* FoodTrackerTests */ = {
			isa = PBXGroup;
			children = (
				20A5711124BD603900D0A386 /* FoodTrackerTests.swift */,
				20A5711324BD603900D0A386 /* Info.plist */,
			);
			path = FoodTrackerTests;
			sourceTree = "<group>";
		};
		20A5711B24BD603900D0A386 /* FoodTrackerUITests */ = {
			isa = PBXGroup;
			children = (
				20A5711C24BD603900D0A386 /* FoodTrackerUITests.swift */,
				20A5711E24BD603900D0A386 /* Info.plist */,
			);
			path = FoodTrackerUITests;
			sourceTree = "<group>";
		};
/* End PBXGroup section */

/* Begin PBXNativeTarget section */
		20A570F624BD603700D0A386 /* FoodTracker */ = {
			isa = PBXNativeTarget;
			buildConfigurationList = 20A5712124BD603900D0A386 /* Build configuration list for PBXNativeTarget "FoodTracker" */;
			buildPhases = (
				20A570F324BD603700D0A386 /* Sources */,
				20A570F424BD603700D0A386 /* Frameworks */,
				20A570F524BD603700D0A386 /* Resources */,
			);
			buildRules = (
			);
			dependencies = (
			);
			name = FoodTracker;
			productName = FoodTracker;
			productReference = 20A570F724BD603700D0A386 /* FoodTracker.app */;
			productType = "com.apple.product-type.application";
		};
		20A5710C24BD603900D0A386 /* FoodTrackerTests */ = {
			isa = PBXNativeTarget;
			buildConfigurationList = 20A5712424BD603900D0A386 /* Build configuration list for PBXNativeTarget "FoodTrackerTests" */;
			buildPhases = (
				20A5710924BD603900D0A386 /* Sources */,
				20A5710A24BD603900D0A386 /* Frameworks */,
				20A5710B24BD603900D0A386 /* Resources */,
			);
			buildRules = (
			);
			dependencies = (
				20A5710F24BD603900D0A386 /* PBXTargetDependency */,
			);
			name = FoodTrackerTests;
			productName = FoodTrackerTests;
			productReference = 20A5710D24BD603900D0A386 /* FoodTrackerTests.xctest */;
			productType = "com.apple.product-type.bundle.unit-test";
		};
		20A5711724BD603900D0A386 /* FoodTrackerUITests */ = {
			isa = PBXNativeTarget;
			buildConfigurationList = 20A5712724BD603900D0A386 /* Build configuration list for PBXNativeTarget "FoodTrackerUITests" */;
			buildPhases = (
				20A5711424BD603900D0A386 /* Sources */,
				20A5711524BD603900D0A386 /* Frameworks */,
				20A5711624BD603900D0A386 /* Resources */,
			);
			buildRules = (
			);
			dependencies = (
				20A5711A24BD603900D0A386 /* PBXTargetDependency */,
			);
			name = FoodTrackerUITests;
			productName = FoodTrackerUITests;
			productReference = 20A5711824BD603900D0A386 /* FoodTrackerUITests.xctest */;
			productType = "com.apple.product-type.bundle.ui-testing";
		};
/* End PBXNativeTarget section */

/* Begin PBXProject section */
		20A570EF24BD603700D0A386 /* Project object */ = {
			isa = PBXProject;
			attributes = {
				LastSwiftUpdateCheck = 1150;
				LastUpgradeCheck = 1150;
				ORGANIZATIONNAME = "Sulaiman  Ahmed";
				TargetAttributes = {
					20A570F624BD603700D0A386 = {
						CreatedOnToolsVersion = 11.5;
					};
					20A5710C24BD603900D0A386 = {
						CreatedOnToolsVersion = 11.5;
						TestTargetID = 20A570F624BD603700D0A386;
					};
					20A5711724BD603900D0A386 = {
						CreatedOnToolsVersion = 11.5;
						TestTargetID = 20A570F624BD603700D0A386;
					};
				};
			};
			buildConfigurationList = 20A570F224BD603700D0A386 /* Build configuration list for PBXProject "FoodTracker" */;
			compatibilityVersion = "Xcode 9.3";
			developmentRegion = en;
			hasScannedForEncodings = 0;
			knownRegions = (
				en,
				Base,
			);
			mainGroup = 20A570EE24BD603700D0A386;
			productRefGroup = 20A570F824BD603700D0A386 /* Products */;
			projectDirPath = "";
			projectRoot = "";
			targets = (
				20A570F624BD603700D0A386 /* FoodTracker */,
				20A5710C24BD603900D0A386 /* FoodTrackerTests */,
				20A5711724BD603900D0A386 /* FoodTrackerUITests */,
			);
		};
/* End PBXProject section */

/* Begin PBXResourcesBuildPhase section */
		20A570F524BD603700D0A386 /* Resources */ = {
			isa = PBXResourcesBuildPhase;
			buildActionMask = 2147483647;
			files = (
				20A5710724BD603900D0A386 /* LaunchScreen.storyboard in Resources */,
				20A5710424BD603900D0A386 /* Assets.xcassets in Resources */,
				20A5710224BD603700D0A386 /* Main.storyboard in Resources */,
			);
			runOnlyForDeploymentPostprocessing = 0;
		};
		20A5710B24BD603900D0A386 /* Resources */ = {
			isa = PBXResourcesBuildPhase;
			buildActionMask = 2147483647;
			files = (
			);
			runOnlyForDeploymentPostprocessing = 0;
		};
		20A5711624BD603900D0A386 /* Resources */ = {
			isa = PBXResourcesBuildPhase;
			buildActionMask = 2147483647;
			files = (
			);
			runOnlyForDeploymentPostprocessing = 0;
		};
/* End PBXResourcesBuildPhase section */

/* Begin PBXSourcesBuildPhase section */
		20A570F324BD603700D0A386 /* Sources */ = {
			isa = PBXSourcesBuildPhase;
			buildActionMask = 2147483647;
			files = (
				20A5712B24C1454900D0A386 /* RatingControl.swift in Sources */,
				20A570FF24BD603700D0A386 /* ViewController.swift in Sources */,
				20A570FB24BD603700D0A386 /* AppDelegate.swift in Sources */,
				20A570FD24BD603700D0A386 /* SceneDelegate.swift in Sources */,
			);
			runOnlyForDeploymentPostprocessing = 0;
		};
		20A5710924BD603900D0A386 /* Sources */ = {
			isa = PBXSourcesBuildPhase;
			buildActionMask = 2147483647;
			files = (
				20A5711224BD603900D0A386 /* FoodTrackerTests.swift in Sources */,
			);
			runOnlyForDeploymentPostprocessing = 0;
		};
		20A5711424BD603900D0A386 /* Sources */ = {
			isa = PBXSourcesBuildPhase;
			buildActionMask = 2147483647;
			files = (
				20A5711D24BD603900D0A386 /* FoodTrackerUITests.swift in Sources */,
			);
			runOnlyForDeploymentPostprocessing = 0;
		};
/* End PBXSourcesBuildPhase section */

/* Begin PBXTargetDependency section */
		20A5710F24BD603900D0A386 /* PBXTargetDependency */ = {
			isa = PBXTargetDependency;
			target = 20A570F624BD603700D0A386 /* FoodTracker */;
			targetProxy = 20A5710E24BD603900D0A386 /* PBXContainerItemProxy */;
		};
		20A5711A24BD603900D0A386 /* PBXTargetDependency */ = {
			isa = PBXTargetDependency;
			target = 20A570F624BD603700D0A386 /* FoodTracker */;
			targetProxy = 20A5711924BD603900D0A386 /* PBXContainerItemProxy */;
		};
/* End PBXTargetDependency section */

/* Begin PBXVariantGroup section */
		20A5710024BD603700D0A386 /* Main.storyboard */ = {
			isa = PBXVariantGroup;
			children = (
				20A5710124BD603700D0A386 /* Base */,
			);
			name = Main.storyboard;
			sourceTree = "<group>";
		};
		20A5710524BD603900D0A386 /* LaunchScreen.storyboard */ = {
			isa = PBXVariantGroup;
			children = (
				20A5710624BD603900D0A386 /* Base */,
			);
			name = LaunchScreen.storyboard;
			sourceTree = "<group>";
		};
/* End PBXVariantGroup section */

/* Begin XCBuildConfiguration section */
		20A5711F24BD603900D0A386 /* Debug */ = {
			isa = XCBuildConfiguration;
			buildSettings = {
				ALWAYS_SEARCH_USER_PATHS = NO;
				CLANG_ANALYZER_NONNULL = YES;
				CLANG_ANALYZER_NUMBER_OBJECT_CONVERSION = YES_AGGRESSIVE;
				CLANG_CXX_LANGUAGE_STANDARD = "gnu++14";
				CLANG_CXX_LIBRARY = "libc++";
				CLANG_ENABLE_MODULES = YES;
				CLANG_ENABLE_OBJC_ARC = YES;
				CLANG_ENABLE_OBJC_WEAK = YES;
				CLANG_WARN_BLOCK_CAPTURE_AUTORELEASING = YES;
				CLANG_WARN_BOOL_CONVERSION = YES;
				CLANG_WARN_COMMA = YES;
				CLANG_WARN_CONSTANT_CONVERSION = YES;
				CLANG_WARN_DEPRECATED_OBJC_IMPLEMENTATIONS = YES;
				CLANG_WARN_DIRECT_OBJC_ISA_USAGE = YES_ERROR;
				CLANG_WARN_DOCUMENTATION_COMMENTS = YES;
				CLANG_WARN_EMPTY_BODY = YES;
				CLANG_WARN_ENUM_CONVERSION = YES;
				CLANG_WARN_INFINITE_RECURSION = YES;
				CLANG_WARN_INT_CONVERSION = YES;
				CLANG_WARN_NON_LITERAL_NULL_CONVERSION = YES;
				CLANG_WARN_OBJC_IMPLICIT_RETAIN_SELF = YES;
				CLANG_WARN_OBJC_LITERAL_CONVERSION = YES;
				CLANG_WARN_OBJC_ROOT_CLASS = YES_ERROR;
				CLANG_WARN_RANGE_LOOP_ANALYSIS = YES;
				CLANG_WARN_STRICT_PROTOTYPES = YES;
				CLANG_WARN_SUSPICIOUS_MOVE = YES;
				CLANG_WARN_UNGUARDED_AVAILABILITY = YES_AGGRESSIVE;
				CLANG_WARN_UNREACHABLE_CODE = YES;
				CLANG_WARN__DUPLICATE_METHOD_MATCH = YES;
				COPY_PHASE_STRIP = NO;
				DEBUG_INFORMATION_FORMAT = dwarf;
				ENABLE_STRICT_OBJC_MSGSEND = YES;
				ENABLE_TESTABILITY = YES;
				GCC_C_LANGUAGE_STANDARD = gnu11;
				GCC_DYNAMIC_NO_PIC = NO;
				GCC_NO_COMMON_BLOCKS = YES;
				GCC_OPTIMIZATION_LEVEL = 0;
				GCC_PREPROCESSOR_DEFINITIONS = (
					"DEBUG=1",
					"$(inherited)",
				);
				GCC_WARN_64_TO_32_BIT_CONVERSION = YES;
				GCC_WARN_ABOUT_RETURN_TYPE = YES_ERROR;
				GCC_WARN_UNDECLARED_SELECTOR = YES;
				GCC_WARN_UNINITIALIZED_AUTOS = YES_AGGRESSIVE;
				GCC_WARN_UNUSED_FUNCTION = YES;
				GCC_WARN_UNUSED_VARIABLE = YES;
				IPHONEOS_DEPLOYMENT_TARGET = 13.5;
				MTL_ENABLE_DEBUG_INFO = INCLUDE_SOURCE;
				MTL_FAST_MATH = YES;
				ONLY_ACTIVE_ARCH = YES;
				SDKROOT = iphoneos;
				SWIFT_ACTIVE_COMPILATION_CONDITIONS = DEBUG;
				SWIFT_OPTIMIZATION_LEVEL = "-Onone";
			};
			name = Debug;
		};
		20A5712024BD603900D0A386 /* Release */ = {
			isa = XCBuildConfiguration;
			buildSettings = {
				ALWAYS_SEARCH_USER_PATHS = NO;
				CLANG_ANALYZER_NONNULL = YES;
				CLANG_ANALYZER_NUMBER_OBJECT_CONVERSION = YES_AGGRESSIVE;
				CLANG_CXX_LANGUAGE_STANDARD = "gnu++14";
				CLANG_CXX_LIBRARY = "libc++";
				CLANG_ENABLE_MODULES = YES;
				CLANG_ENABLE_OBJC_ARC = YES;
				CLANG_ENABLE_OBJC_WEAK = YES;
				CLANG_WARN_BLOCK_CAPTURE_AUTORELEASING = YES;
				CLANG_WARN_BOOL_CONVERSION = YES;
				CLANG_WARN_COMMA = YES;
				CLANG_WARN_CONSTANT_CONVERSION = YES;
				CLANG_WARN_DEPRECATED_OBJC_IMPLEMENTATIONS = YES;
				CLANG_WARN_DIRECT_OBJC_ISA_USAGE = YES_ERROR;
				CLANG_WARN_DOCUMENTATION_COMMENTS = YES;
				CLANG_WARN_EMPTY_BODY = YES;
				CLANG_WARN_ENUM_CONVERSION = YES;
				CLANG_WARN_INFINITE_RECURSION = YES;
				CLANG_WARN_INT_CONVERSION = YES;
				CLANG_WARN_NON_LITERAL_NULL_CONVERSION = YES;
				CLANG_WARN_OBJC_IMPLICIT_RETAIN_SELF = YES;
				CLANG_WARN_OBJC_LITERAL_CONVERSION = YES;
				CLANG_WARN_OBJC_ROOT_CLASS = YES_ERROR;
				CLANG_WARN_RANGE_LOOP_ANALYSIS = YES;
				CLANG_WARN_STRICT_PROTOTYPES = YES;
				CLANG_WARN_SUSPICIOUS_MOVE = YES;
				CLANG_WARN_UNGUARDED_AVAILABILITY = YES_AGGRESSIVE;
				CLANG_WARN_UNREACHABLE_CODE = YES;
				CLANG_WARN__DUPLICATE_METHOD_MATCH = YES;
				COPY_PHASE_STRIP = NO;
				DEBUG_INFORMATION_FORMAT = "dwarf-with-dsym";
				ENABLE_NS_ASSERTIONS = NO;
				ENABLE_STRICT_OBJC_MSGSEND = YES;
				GCC_C_LANGUAGE_STANDARD = gnu11;
				GCC_NO_COMMON_BLOCKS = YES;
				GCC_WARN_64_TO_32_BIT_CONVERSION = YES;
				GCC_WARN_ABOUT_RETURN_TYPE = YES_ERROR;
				GCC_WARN_UNDECLARED_SELECTOR = YES;
				GCC_WARN_UNINITIALIZED_AUTOS = YES_AGGRESSIVE;
				GCC_WARN_UNUSED_FUNCTION = YES;
				GCC_WARN_UNUSED_VARIABLE = YES;
				IPHONEOS_DEPLOYMENT_TARGET = 13.5;
				MTL_ENABLE_DEBUG_INFO = NO;
				MTL_FAST_MATH = YES;
				SDKROOT = iphoneos;
				SWIFT_COMPILATION_MODE = wholemodule;
				SWIFT_OPTIMIZATION_LEVEL = "-O";
				VALIDATE_PRODUCT = YES;
			};
			name = Release;
		};
		20A5712224BD603900D0A386 /* Debug */ = {
			isa = XCBuildConfiguration;
			buildSettings = {
				ASSETCATALOG_COMPILER_APPICON_NAME = AppIcon;
				CODE_SIGN_STYLE = Automatic;
				INFOPLIST_FILE = FoodTracker/Info.plist;
				LD_RUNPATH_SEARCH_PATHS = (
					"$(inherited)",
					"@executable_path/Frameworks",
				);
				PRODUCT_BUNDLE_IDENTIFIER = sahmed08.FoodTracker;
				PRODUCT_NAME = "$(TARGET_NAME)";
				SWIFT_VERSION = 5.0;
				TARGETED_DEVICE_FAMILY = "1,2";
			};
			name = Debug;
		};
		20A5712324BD603900D0A386 /* Release */ = {
			isa = XCBuildConfiguration;
			buildSettings = {
				ASSETCATALOG_COMPILER_APPICON_NAME = AppIcon;
				CODE_SIGN_STYLE = Automatic;
				INFOPLIST_FILE = FoodTracker/Info.plist;
				LD_RUNPATH_SEARCH_PATHS = (
					"$(inherited)",
					"@executable_path/Frameworks",
				);
				PRODUCT_BUNDLE_IDENTIFIER = sahmed08.FoodTracker;
				PRODUCT_NAME = "$(TARGET_NAME)";
				SWIFT_VERSION = 5.0;
				TARGETED_DEVICE_FAMILY = "1,2";
			};
			name = Release;
		};
		20A5712524BD603900D0A386 /* Debug */ = {
			isa = XCBuildConfiguration;
			buildSettings = {
				ALWAYS_EMBED_SWIFT_STANDARD_LIBRARIES = YES;
				BUNDLE_LOADER = "$(TEST_HOST)";
				CODE_SIGN_STYLE = Automatic;
				INFOPLIST_FILE = FoodTrackerTests/Info.plist;
				IPHONEOS_DEPLOYMENT_TARGET = 13.5;
				LD_RUNPATH_SEARCH_PATHS = (
					"$(inherited)",
					"@executable_path/Frameworks",
					"@loader_path/Frameworks",
				);
				PRODUCT_BUNDLE_IDENTIFIER = sahmed08.FoodTrackerTests;
				PRODUCT_NAME = "$(TARGET_NAME)";
				SWIFT_VERSION = 5.0;
				TARGETED_DEVICE_FAMILY = "1,2";
				TEST_HOST = "$(BUILT_PRODUCTS_DIR)/FoodTracker.app/FoodTracker";
			};
			name = Debug;
		};
		20A5712624BD603900D0A386 /* Release */ = {
			isa = XCBuildConfiguration;
			buildSettings = {
				ALWAYS_EMBED_SWIFT_STANDARD_LIBRARIES = YES;
				BUNDLE_LOADER = "$(TEST_HOST)";
				CODE_SIGN_STYLE = Automatic;
				INFOPLIST_FILE = FoodTrackerTests/Info.plist;
				IPHONEOS_DEPLOYMENT_TARGET = 13.5;
				LD_RUNPATH_SEARCH_PATHS = (
					"$(inherited)",
					"@executable_path/Frameworks",
					"@loader_path/Frameworks",
				);
				PRODUCT_BUNDLE_IDENTIFIER = sahmed08.FoodTrackerTests;
				PRODUCT_NAME = "$(TARGET_NAME)";
				SWIFT_VERSION = 5.0;
				TARGETED_DEVICE_FAMILY = "1,2";
				TEST_HOST = "$(BUILT_PRODUCTS_DIR)/FoodTracker.app/FoodTracker";
			};
			name = Release;
		};
		20A5712824BD603900D0A386 /* Debug */ = {
			isa = XCBuildConfiguration;
			buildSettings = {
				ALWAYS_EMBED_SWIFT_STANDARD_LIBRARIES = YES;
				CODE_SIGN_STYLE = Automatic;
				INFOPLIST_FILE = FoodTrackerUITests/Info.plist;
				LD_RUNPATH_SEARCH_PATHS = (
					"$(inherited)",
					"@executable_path/Frameworks",
					"@loader_path/Frameworks",
				);
				PRODUCT_BUNDLE_IDENTIFIER = sahmed08.FoodTrackerUITests;
				PRODUCT_NAME = "$(TARGET_NAME)";
				SWIFT_VERSION = 5.0;
				TARGETED_DEVICE_FAMILY = "1,2";
				TEST_TARGET_NAME = FoodTracker;
			};
			name = Debug;
		};
		20A5712924BD603900D0A386 /* Release */ = {
			isa = XCBuildConfiguration;
			buildSettings = {
				ALWAYS_EMBED_SWIFT_STANDARD_LIBRARIES = YES;
				CODE_SIGN_STYLE = Automatic;
				INFOPLIST_FILE = FoodTrackerUITests/Info.plist;
				LD_RUNPATH_SEARCH_PATHS = (
					"$(inherited)",
					"@executable_path/Frameworks",
					"@loader_path/Frameworks",
				);
				PRODUCT_BUNDLE_IDENTIFIER = sahmed08.FoodTrackerUITests;
				PRODUCT_NAME = "$(TARGET_NAME)";
				SWIFT_VERSION = 5.0;
				TARGETED_DEVICE_FAMILY = "1,2";
				TEST_TARGET_NAME = FoodTracker;
			};
			name = Release;
		};
/* End XCBuildConfiguration section */

/* Begin XCConfigurationList section */
		20A570F224BD603700D0A386 /* Build configuration list for PBXProject "FoodTracker" */ = {
			isa = XCConfigurationList;
			buildConfigurations = (
				20A5711F24BD603900D0A386 /* Debug */,
				20A5712024BD603900D0A386 /* Release */,
			);
			defaultConfigurationIsVisible = 0;
			defaultConfigurationName = Release;
		};
		20A5712124BD603900D0A386 /* Build configuration list for PBXNativeTarget "FoodTracker" */ = {
			isa = XCConfigurationList;
			buildConfigurations = (
				20A5712224BD603900D0A386 /* Debug */,
				20A5712324BD603900D0A386 /* Release */,
			);
			defaultConfigurationIsVisible = 0;
			defaultConfigurationName = Release;
		};
		20A5712424BD603900D0A386 /* Build configuration list for PBXNativeTarget "FoodTrackerTests" */ = {
			isa = XCConfigurationList;
			buildConfigurations = (
				20A5712524BD603900D0A386 /* Debug */,
				20A5712624BD603900D0A386 /* Release */,
			);
			defaultConfigurationIsVisible = 0;
			defaultConfigurationName = Release;
		};
		20A5712724BD603900D0A386 /* Build configuration list for PBXNativeTarget "FoodTrackerUITests" */ = {
			isa = XCConfigurationList;
			buildConfigurations = (
				20A5712824BD603900D0A386 /* Debug */,
				20A5712924BD603900D0A386 /* Release */,
			);
			defaultConfigurationIsVisible = 0;
			defaultConfigurationName = Release;
		};
/* End XCConfigurationList section */
	};
	rootObject = 20A570EF24BD603700D0A386 /* Project object */;
}
